
Microsoft Visual Studio Solution File, Format Version 12.00
# Visual Studio Version 17
VisualStudioVersion = 17.10.35122.118
MinimumVisualStudioVersion = 10.0.40219.1
Project("{FAE04EC0-301F-11D3-BF4B-00C04F79EFBC}") = "StudentManagementSystem", "StudentManagementSystem.csproj", "{7204847D-7374-4628-AB78-BB0C7D651CBF}"
EndProject
Global
	GlobalSection(SolutionConfigurationPlatforms) = preSolution
		Debug|Any CPU = Debug|Any CPU
		Release|Any CPU = Release|Any CPU
	EndGlobalSection
	GlobalSection(ProjectConfigurationPlatforms) = postSolution
		{7204847D-7374-4628-AB78-BB0C7D651CBF}.Debug|Any CPU.ActiveCfg = Debug|Any CPU
		{7204847D-7374-4628-AB78-BB0C7D651CBF}.Debug|Any CPU.Build.0 = Debug|Any CPU
		{7204847D-7374-4628-AB78-BB0C7D651CBF}.Release|Any CPU.ActiveCfg = Release|Any CPU
		{7204847D-7374-4628-AB78-BB0C7D651CBF}.Release|Any CPU.Build.0 = Release|Any CPU
	EndGlobalSection
	GlobalSection(SolutionProperties) = preSolution
		HideSolutionNode = FALSE
	EndGlobalSection
	GlobalSection(ExtensibilityGlobals) = postSolution
		SolutionGuid = {1E99A9AA-4F00-4CB0-8A45-4B2C474BA6CD}
	EndGlobalSection
EndGlobal
